# THIS IS AN AUTOGENERATED FILE. DO NOT EDIT THIS FILE DIRECTLY.
# yarn lockfile v1


ajv-errors@^1.0.0:
  version "1.0.1"
  resolved "http://r.cnpmjs.org/ajv-errors/download/ajv-errors-1.0.1.tgz#f35986aceb91afadec4102fbd85014950cefa64d"
  integrity sha1-81mGrOuRr63sQQL72FAUlQzvpk0=

ajv-keywords@^3.1.0:
  version "3.4.0"
  resolved "http://r.cnpmjs.org/ajv-keywords/download/ajv-keywords-3.4.0.tgz#4b831e7b531415a7cc518cd404e73f6193c6349d"
  integrity sha1-S4Mee1MUFafMUYzUBOc/YZPGNJ0=

ajv@^6.1.0:
  version "6.9.1"
  resolved "http://r.cnpmjs.org/ajv/download/ajv-6.9.1.tgz#a4d3683d74abc5670e75f0b16520f70a20ea8dc1"
  integrity sha1-pNNoPXSrxWcOdfCxZSD3CiDqjcE=
  dependencies:
    fast-deep-equal "^2.0.1"
    fast-json-stable-stringify "^2.0.0"
    json-schema-traverse "^0.4.1"
    uri-js "^4.2.2"

ansi-styles@^3.2.1:
  version "3.2.1"
  resolved "http://r.cnpmjs.org/ansi-styles/download/ansi-styles-3.2.1.tgz#41fbb20243e50b12be0f04b8dedbf07520ce841d"
  integrity sha1-QfuyAkPlCxK+DwS43tvwdSDOhB0=
  dependencies:
    color-convert "^1.9.0"

big.js@^5.2.2:
  version "5.2.2"
  resolved "http://r.cnpmjs.org/big.js/download/big.js-5.2.2.tgz#65f0af382f578bcdc742bd9c281e9cb2d7768328"
  integrity sha1-ZfCvOC9Xi83HQr2cKB6cstd2gyg=

chalk@^2.4.2:
  version "2.4.2"
  resolved "http://r.cnpmjs.org/chalk/download/chalk-2.4.2.tgz#cd42541677a54333cf541a49108c1432b44c9424"
  integrity sha1-zUJUFnelQzPPVBpJEIwUMrRMlCQ=
  dependencies:
    ansi-styles "^3.2.1"
    escape-string-regexp "^1.0.5"
    supports-color "^5.3.0"

color-convert@^1.9.0:
  version "1.9.3"
  resolved "http://r.cnpmjs.org/color-convert/download/color-convert-1.9.3.tgz#bb71850690e1f136567de629d2d5471deda4c1e8"
  integrity sha1-u3GFBpDh8TZWfeYp0tVHHe2kweg=
  dependencies:
    color-name "1.1.3"

color-name@1.1.3:
  version "1.1.3"
  resolved "http://r.cnpmjs.org/color-name/download/color-name-1.1.3.tgz#a7d0558bd89c42f795dd42328f740831ca53bc25"
  integrity sha1-p9BVi9icQveV3UIyj3QIMcpTvCU=

css-loader@^2.1.0:
  version "2.1.0"
  resolved "http://r.cnpmjs.org/css-loader/download/css-loader-2.1.0.tgz#42952ac22bca5d076978638e9813abce49b8f0cc"
  integrity sha1-QpUqwivKXQdpeGOOmBOrzkm48Mw=
  dependencies:
    icss-utils "^4.0.0"
    loader-utils "^1.2.1"
    lodash "^4.17.11"
    postcss "^7.0.6"
    postcss-modules-extract-imports "^2.0.0"
    postcss-modules-local-by-default "^2.0.3"
    postcss-modules-scope "^2.0.0"
    postcss-modules-values "^2.0.0"
    postcss-value-parser "^3.3.0"
    schema-utils "^1.0.0"

css-selector-tokenizer@^0.7.0:
  version "0.7.1"
  resolved "http://r.cnpmjs.org/css-selector-tokenizer/download/css-selector-tokenizer-0.7.1.tgz#a177271a8bca5019172f4f891fc6eed9cbf68d5d"
  integrity sha1-oXcnGovKUBkXL0+JH8bu2cv2jV0=
  dependencies:
    cssesc "^0.1.0"
    fastparse "^1.1.1"
    regexpu-core "^1.0.0"

cssesc@^0.1.0:
  version "0.1.0"
  resolved "http://r.cnpmjs.org/cssesc/download/cssesc-0.1.0.tgz#c814903e45623371a0477b40109aaafbeeaddbb4"
  integrity sha1-yBSQPkViM3GgR3tAEJqq++6t27Q=

emojis-list@^2.0.0:
  version "2.1.0"
  resolved "http://r.cnpmjs.org/emojis-list/download/emojis-list-2.1.0.tgz#4daa4d9db00f9819880c79fa457ae5b09a1fd389"
  integrity sha1-TapNnbAPmBmIDHn6RXrlsJof04k=

escape-string-regexp@^1.0.5:
  version "1.0.5"
  resolved "http://r.cnpmjs.org/escape-string-regexp/download/escape-string-regexp-1.0.5.tgz#1b61c0562190a8dff6ae3bb2cf0200ca130b86d4"
  integrity sha1-G2HAViGQqN/2rjuyzwIAyhMLhtQ=

fast-deep-equal@^2.0.1:
  version "2.0.1"
  resolved "http://r.cnpmjs.org/fast-deep-equal/download/fast-deep-equal-2.0.1.tgz#7b05218ddf9667bf7f370bf7fdb2cb15fdd0aa49"
  integrity sha1-ewUhjd+WZ79/Nwv3/bLLFf3Qqkk=

fast-json-stable-stringify@^2.0.0:
  version "2.0.0"
  resolved "http://r.cnpmjs.org/fast-json-stable-stringify/download/fast-json-stable-stringify-2.0.0.tgz#d5142c0caee6b1189f87d3a76111064f86c8bbf2"
  integrity sha1-1RQsDK7msRifh9OnYREGT4bIu/I=

fastparse@^1.1.1:
  version "1.1.2"
  resolved "http://r.cnpmjs.org/fastparse/download/fastparse-1.1.2.tgz#91728c5a5942eced8531283c79441ee4122c35a9"
  integrity sha1-kXKMWllC7O2FMSg8eUQe5BIsNak=

has-flag@^3.0.0:
  version "3.0.0"
  resolved "http://r.cnpmjs.org/has-flag/download/has-flag-3.0.0.tgz#b5d454dc2199ae225699f3467e5a07f3b955bafd"
  integrity sha1-tdRU3CGZriJWmfNGfloH87lVuv0=

icss-replace-symbols@^1.1.0:
  version "1.1.0"
  resolved "http://r.cnpmjs.org/icss-replace-symbols/download/icss-replace-symbols-1.1.0.tgz#06ea6f83679a7749e386cfe1fe812ae5db223ded"
  integrity sha1-Bupvg2ead0njhs/h/oEq5dsiPe0=

icss-utils@^4.0.0:
  version "4.0.0"
  resolved "http://r.cnpmjs.org/icss-utils/download/icss-utils-4.0.0.tgz#d52cf4bcdcfa1c45c2dbefb4ffdf6b00ef608098"
  integrity sha1-1Sz0vNz6HEXC2++0/99rAO9ggJg=
  dependencies:
    postcss "^7.0.5"

jsesc@~0.5.0:
  version "0.5.0"
  resolved "http://r.cnpmjs.org/jsesc/download/jsesc-0.5.0.tgz#e7dee66e35d6fc16f710fe91d5cf69f70f08911d"
  integrity sha1-597mbjXW/Bb3EP6R1c9p9w8IkR0=

json-schema-traverse@^0.4.1:
  version "0.4.1"
  resolved "http://r.cnpmjs.org/json-schema-traverse/download/json-schema-traverse-0.4.1.tgz#69f6a87d9513ab8bb8fe63bdb0979c448e684660"
  integrity sha1-afaofZUTq4u4/mO9sJecRI5oRmA=

json5@^1.0.1:
  version "1.0.1"
  resolved "http://r.cnpmjs.org/json5/download/json5-1.0.1.tgz#779fb0018604fa854eacbf6252180d83543e3dbe"
  integrity sha1-d5+wAYYE+oVOrL9iUhgNg1Q+Pb4=
  dependencies:
    minimist "^1.2.0"

loader-utils@^1.1.0, loader-utils@^1.2.1:
  version "1.2.3"
  resolved "http://r.cnpmjs.org/loader-utils/download/loader-utils-1.2.3.tgz#1ff5dc6911c9f0a062531a4c04b609406108c2c7"
  integrity sha1-H/XcaRHJ8KBiUxpMBLYJQGEIwsc=
  dependencies:
    big.js "^5.2.2"
    emojis-list "^2.0.0"
    json5 "^1.0.1"

lodash@^4.17.11:
  version "4.17.11"
  resolved "http://r.cnpmjs.org/lodash/download/lodash-4.17.11.tgz#b39ea6229ef607ecd89e2c8df12536891cac9b8d"
  integrity sha1-s56mIp72B+zYniyN8SU2iRysm40=

minimist@^1.2.0:
  version "1.2.0"
  resolved "http://r.cnpmjs.org/minimist/download/minimist-1.2.0.tgz#a35008b20f41383eec1fb914f4cd5df79a264284"
  integrity sha1-o1AIsg9BOD7sH7kU9M1d95omQoQ=

postcss-modules-extract-imports@^2.0.0:
  version "2.0.0"
  resolved "http://r.cnpmjs.org/postcss-modules-extract-imports/download/postcss-modules-extract-imports-2.0.0.tgz#818719a1ae1da325f9832446b01136eeb493cd7e"
  integrity sha1-gYcZoa4doyX5gyRGsBE27rSTzX4=
  dependencies:
    postcss "^7.0.5"

postcss-modules-local-by-default@^2.0.3:
  version "2.0.5"
  resolved "http://r.cnpmjs.org/postcss-modules-local-by-default/download/postcss-modules-local-by-default-2.0.5.tgz#7f387f68f5555598068e4d6d1ea0b7d6fa984272"
  integrity sha1-fzh/aPVVVZgGjk1tHqC31vqYQnI=
  dependencies:
    css-selector-tokenizer "^0.7.0"
    postcss "^7.0.6"
    postcss-value-parser "^3.3.1"

postcss-modules-scope@^2.0.0:
  version "2.0.1"
  resolved "http://r.cnpmjs.org/postcss-modules-scope/download/postcss-modules-scope-2.0.1.tgz#2c0f2394cde4cd09147db054c68917e38f6d43a4"
  integrity sha1-LA8jlM3kzQkUfbBUxokX449tQ6Q=
  dependencies:
    css-selector-tokenizer "^0.7.0"
    postcss "^7.0.6"

postcss-modules-values@^2.0.0:
  version "2.0.0"
  resolved "http://r.cnpmjs.org/postcss-modules-values/download/postcss-modules-values-2.0.0.tgz#479b46dc0c5ca3dc7fa5270851836b9ec7152f64"
  integrity sha1-R5tG3Axco9x/pScIUYNrnscVL2Q=
  dependencies:
    icss-replace-symbols "^1.1.0"
    postcss "^7.0.6"

postcss-value-parser@^3.3.0, postcss-value-parser@^3.3.1:
  version "3.3.1"
  resolved "http://r.cnpmjs.org/postcss-value-parser/download/postcss-value-parser-3.3.1.tgz#9ff822547e2893213cf1c30efa51ac5fd1ba8281"
  integrity sha1-n/giVH4okyE88cMO+lGsX9G6goE=

postcss@^7.0.5, postcss@^7.0.6:
  version "7.0.14"
  resolved "http://r.cnpmjs.org/postcss/download/postcss-7.0.14.tgz#4527ed6b1ca0d82c53ce5ec1a2041c2346bbd6e5"
  integrity sha1-RSftaxyg2CxTzl7BogQcI0a71uU=
  dependencies:
    chalk "^2.4.2"
    source-map "^0.6.1"
    supports-color "^6.1.0"

punycode@^2.1.0:
  version "2.1.1"
  resolved "http://r.cnpmjs.org/punycode/download/punycode-2.1.1.tgz#b58b010ac40c22c5657616c8d2c2c02c7bf479ec"
  integrity sha1-tYsBCsQMIsVldhbI0sLALHv0eew=

regenerate@^1.2.1:
  version "1.4.0"
  resolved "http://r.cnpmjs.org/regenerate/download/regenerate-1.4.0.tgz#4a856ec4b56e4077c557589cae85e7a4c8869a11"
  integrity sha1-SoVuxLVuQHfFV1icroXnpMiGmhE=

regexpu-core@^1.0.0:
  version "1.0.0"
  resolved "http://r.cnpmjs.org/regexpu-core/download/regexpu-core-1.0.0.tgz#86a763f58ee4d7c2f6b102e4764050de7ed90c6b"
  integrity sha1-hqdj9Y7k18L2sQLkdkBQ3n7ZDGs=
  dependencies:
    regenerate "^1.2.1"
    regjsgen "^0.2.0"
    regjsparser "^0.1.4"

regjsgen@^0.2.0:
  version "0.2.0"
  resolved "http://r.cnpmjs.org/regjsgen/download/regjsgen-0.2.0.tgz#6c016adeac554f75823fe37ac05b92d5a4edb1f7"
  integrity sha1-bAFq3qxVT3WCP+N6wFuS1aTtsfc=

regjsparser@^0.1.4:
  version "0.1.5"
  resolved "http://r.cnpmjs.org/regjsparser/download/regjsparser-0.1.5.tgz#7ee8f84dc6fa792d3fd0ae228d24bd949ead205c"
  integrity sha1-fuj4Tcb6eS0/0K4ijSS9lJ6tIFw=
  dependencies:
    jsesc "~0.5.0"

schema-utils@^1.0.0:
  version "1.0.0"
  resolved "http://r.cnpmjs.org/schema-utils/download/schema-utils-1.0.0.tgz#0b79a93204d7b600d4b2850d1f66c2a34951c770"
  integrity sha1-C3mpMgTXtgDUsoUNH2bCo0lRx3A=
  dependencies:
    ajv "^6.1.0"
    ajv-errors "^1.0.0"
    ajv-keywords "^3.1.0"

source-map@^0.6.1:
  version "0.6.1"
  resolved "http://r.cnpmjs.org/source-map/download/source-map-0.6.1.tgz#74722af32e9614e9c287a8d0bbde48b5e2f1a263"
  integrity sha1-dHIq8y6WFOnCh6jQu95IteLxomM=

style-loader@^0.23.1:
  version "0.23.1"
  resolved "http://r.cnpmjs.org/style-loader/download/style-loader-0.23.1.tgz#cb9154606f3e771ab6c4ab637026a1049174d925"
  integrity sha1-y5FUYG8+dxq2xKtjcCahBJF02SU=
  dependencies:
    loader-utils "^1.1.0"
    schema-utils "^1.0.0"

supports-color@^5.3.0:
  version "5.5.0"
  resolved "http://r.cnpmjs.org/supports-color/download/supports-color-5.5.0.tgz#e2e69a44ac8772f78a1ec0b35b689df6530efc8f"
  integrity sha1-4uaaRKyHcveKHsCzW2id9lMO/I8=
  dependencies:
    has-flag "^3.0.0"

supports-color@^6.1.0:
  version "6.1.0"
  resolved "http://r.cnpmjs.org/supports-color/download/supports-color-6.1.0.tgz#0764abc69c63d5ac842dd4867e8d025e880df8f3"
  integrity sha1-B2Srxpxj1ayELdSGfo0CXogN+PM=
  dependencies:
    has-flag "^3.0.0"

uri-js@^4.2.2:
  version "4.2.2"
  resolved "http://r.cnpmjs.org/uri-js/download/uri-js-4.2.2.tgz#94c540e1ff772956e2299507c010aea6c8838eb0"
  integrity sha1-lMVA4f93KVbiKZUHwBCupsiDjrA=
  dependencies:
    punycode "^2.1.0"
